# This file is generated by running "yarn install" inside your project.
# Manual changes might be lost - proceed with caution!

__metadata:
  version: 6
  cacheKey: 8

"@scope/pkg@npm:^2.1.0":
  version: 2.1.0
  resolution: "@scope/pkg@npm:2.1.0"
  checksum: fake
  languageName: node
  linkType: hard

"axios@npm:^1.6.0":
  version: 1.6.0
  resolution: "axios@npm:1.6.0"
  dependencies:
    follow-redirects: "npm:^1.15.0"
  checksum: fake
  languageName: node
  linkType: hard

"follow-redirects@npm:^1.15.0":
  version: 1.15.3
  resolution: "follow-redirects@npm:1.15.3"
  checksum: fake
  languageName: node
  linkType: hard

"react@npm:^18.2.0":
  version: 18.2.0
  resolution: "react@npm:18.2.0"
  checksum: fake
  languageName: node
  linkType: hard

"react-dom@npm:^18.2.0":
  version: 18.2.0
  resolution: "react-dom@npm:18.2.0"
  dependencies:
    react: "npm:^18.2.0"
  checksum: fake
  languageName: node
  linkType: hard

"vitest@npm:^3.0.0":
  version: 3.0.0
  resolution: "vitest@npm:3.0.0"
  checksum: fake
  languageName: node
  linkType: hard
